
Microsoft Visual Studio Solution File, Format Version 12.00
# Visual Studio 15
VisualStudioVersion = 15.0.28307.1022
MinimumVisualStudioVersion = 10.0.40219.1
Project("{FAE04EC0-301F-11D3-BF4B-00C04F79EFBC}") = "Test1Console", "Test1Console\Test1Console.csproj", "{156B0335-36E5-442D-890F-A697C98D9C8D}"
EndProject
Global
	GlobalSection(SolutionConfigurationPlatforms) = preSolution
		Debug|Any CPU = Debug|Any CPU
		Release|Any CPU = Release|Any CPU
	EndGlobalSection
	GlobalSection(ProjectConfigurationPlatforms) = postSolution
		{156B0335-36E5-442D-890F-A697C98D9C8D}.Debug|Any CPU.ActiveCfg = Debug|Any CPU
		{156B0335-36E5-442D-890F-A697C98D9C8D}.Debug|Any CPU.Build.0 = Debug|Any CPU
		{156B0335-36E5-442D-890F-A697C98D9C8D}.Release|Any CPU.ActiveCfg = Release|Any CPU
		{156B0335-36E5-442D-890F-A697C98D9C8D}.Release|Any CPU.Build.0 = Release|Any CPU
	EndGlobalSection
	GlobalSection(SolutionProperties) = preSolution
		HideSolutionNode = FALSE
	EndGlobalSection
	GlobalSection(ExtensibilityGlobals) = postSolution
		SolutionGuid = {93A15775-2AC9-4DC3-B24B-FD19197BD5A7}
	EndGlobalSection
EndGlobal
